<?xml version="1.0" encoding="utf-8"?>
<Project ToolsVersion="4.0" xmlns="http://schemas.microsoft.com/developer/msbuild/2003">
  <ItemGroup>
    <Filter Include="Source Files">
      <UniqueIdentifier>{4FC737F1-C7A5-4376-A066-2A32D752A2FF}</UniqueIdentifier>
      <Extensions>cpp;c;cc;cxx;c++;cppm;ixx;def;odl;idl;hpj;bat;asm;asmx</Extensions>
    </Filter>
    <Filter Include="Header Files">
      <UniqueIdentifier>{93995380-89BD-4b04-88EB-625FBE52EBFB}</UniqueIdentifier>
      <Extensions>h;hh;hpp;hxx;h++;hm;inl;inc;ipp;xsd</Extensions>
    </Filter>
    <Filter Include="Resource Files">
      <UniqueIdentifier>{67DA6AB6-F800-4c08-8B7A-83BB121AAD01}</UniqueIdentifier>
      <Extensions>rc;ico;cur;bmp;dlg;rc2;rct;bin;rgs;gif;jpg;jpeg;jpe;resx;tiff;tif;png;wav;mfcribbon-ms</Extensions>
    </Filter>
    <Filter Include="Map Objects">
      <UniqueIdentifier>{384134e2-be1c-4080-9233-a4cac49a0685}</UniqueIdentifier>
    </Filter>
    <Filter Include="Scenes">
      <UniqueIdentifier>{1a20ce98-2a71-42c6-9a2d-837a925870f5}</UniqueIdentifier>
    </Filter>
    <Filter Include="Map Objects\Player">
      <UniqueIdentifier>{def784cf-4f6b-49b5-8a56-51208b2ca3e3}</UniqueIdentifier>
    </Filter>
    <Filter Include="Map Objects\Bricks">
      <UniqueIdentifier>{de0525a4-aa62-4626-b799-5a6a8f72ea05}</UniqueIdentifier>
    </Filter>
    <Filter Include="Map Objects\Enemies">
      <UniqueIdentifier>{f35221ef-aa89-4dc9-acfd-bcc1e53fe5ad}</UniqueIdentifier>
    </Filter>
    <Filter Include="Map Objects\Items">
      <UniqueIdentifier>{3892ebf6-9b91-44bd-b825-f9323fe616b3}</UniqueIdentifier>
    </Filter>
    <Filter Include="Map Objects\Others">
      <UniqueIdentifier>{151975a3-86e8-4d88-bd39-af8720ac6e28}</UniqueIdentifier>
    </Filter>
    <Filter Include="Map">
      <UniqueIdentifier>{b098c261-f366-487a-b185-dd92b83e3ed1}</UniqueIdentifier>
    </Filter>
  </ItemGroup>
  <ItemGroup>
    <None Include="packages.config" />
  </ItemGroup>
  <ItemGroup>
    <ClCompile Include="main.cpp">
      <Filter>Source Files</Filter>
    </ClCompile>
    <ClCompile Include="Animations.cpp">
      <Filter>Source Files</Filter>
    </ClCompile>
    <ClCompile Include="Collision.cpp">
      <Filter>Source Files</Filter>
    </ClCompile>
    <ClCompile Include="debug.cpp">
      <Filter>Source Files</Filter>
    </ClCompile>
    <ClCompile Include="Game.cpp">
      <Filter>Source Files</Filter>
    </ClCompile>
    <ClCompile Include="Sprites.cpp">
      <Filter>Source Files</Filter>
    </ClCompile>
    <ClCompile Include="Textures.cpp">
      <Filter>Source Files</Filter>
    </ClCompile>
    <ClCompile Include="Utils.cpp">
      <Filter>Source Files</Filter>
    </ClCompile>
    <ClCompile Include="Brick.cpp">
      <Filter>Map Objects\Bricks</Filter>
    </ClCompile>
    <ClCompile Include="Goomba.cpp">
      <Filter>Map Objects\Enemies</Filter>
    </ClCompile>
    <ClCompile Include="Coin.cpp">
      <Filter>Map Objects\Items</Filter>
    </ClCompile>
    <ClCompile Include="GameObject.cpp">
      <Filter>Map Objects\Others</Filter>
    </ClCompile>
    <ClCompile Include="SampleKeyEventHandler.cpp">
      <Filter>Scenes</Filter>
    </ClCompile>
    <ClCompile Include="PlayScene.cpp">
      <Filter>Scenes</Filter>
    </ClCompile>
    <ClCompile Include="Portal.cpp">
      <Filter>Map Objects\Others</Filter>
    </ClCompile>
    <ClCompile Include="Mario.cpp">
      <Filter>Map Objects\Player</Filter>
    </ClCompile>
    <ClCompile Include="Map.cpp">
      <Filter>Map</Filter>
    </ClCompile>
    <ClCompile Include="HiddenBrick.cpp">
      <Filter>Map Objects\Bricks</Filter>
    </ClCompile>
    <ClCompile Include="QuestionBrick.cpp">
      <Filter>Map Objects\Bricks</Filter>
    </ClCompile>
    <ClCompile Include="MushRoom.cpp">
      <Filter>Map Objects\Items</Filter>
    </ClCompile>
    <ClCompile Include="Koopa.cpp">
      <Filter>Map Objects\Enemies</Filter>
    </ClCompile>
  </ItemGroup>
  <ItemGroup>
    <ClInclude Include="Animations.h">
      <Filter>Header Files</Filter>
    </ClInclude>
    <ClInclude Include="AssetIDs.h">
      <Filter>Header Files</Filter>
    </ClInclude>
    <ClInclude Include="Collision.h">
      <Filter>Header Files</Filter>
    </ClInclude>
    <ClInclude Include="debug.h">
      <Filter>Header Files</Filter>
    </ClInclude>
    <ClInclude Include="Game.h">
      <Filter>Header Files</Filter>
    </ClInclude>
    <ClInclude Include="KeyEventHandler.h">
      <Filter>Header Files</Filter>
    </ClInclude>
    <ClInclude Include="Sprites.h">
      <Filter>Header Files</Filter>
    </ClInclude>
    <ClInclude Include="Textures.h">
      <Filter>Header Files</Filter>
    </ClInclude>
    <ClInclude Include="Utils.h">
      <Filter>Header Files</Filter>
    </ClInclude>
    <ClInclude Include="Brick.h">
      <Filter>Map Objects\Bricks</Filter>
    </ClInclude>
    <ClInclude Include="Goomba.h">
      <Filter>Map Objects\Enemies</Filter>
    </ClInclude>
    <ClInclude Include="Coin.h">
      <Filter>Map Objects\Items</Filter>
    </ClInclude>
    <ClInclude Include="GameObject.h">
      <Filter>Map Objects\Others</Filter>
    </ClInclude>
    <ClInclude Include="SampleKeyEventHandler.h">
      <Filter>Scenes</Filter>
    </ClInclude>
    <ClInclude Include="PlayScene.h">
      <Filter>Scenes</Filter>
    </ClInclude>
    <ClInclude Include="Scene.h">
      <Filter>Scenes</Filter>
    </ClInclude>
    <ClInclude Include="Portal.h">
      <Filter>Map Objects\Others</Filter>
    </ClInclude>
    <ClInclude Include="Mario.h">
      <Filter>Map Objects\Player</Filter>
    </ClInclude>
    <ClInclude Include="Map.h">
      <Filter>Map</Filter>
    </ClInclude>
    <ClInclude Include="HiddenBrick.h">
      <Filter>Map Objects\Bricks</Filter>
    </ClInclude>
    <ClInclude Include="QuestionBrick.h">
      <Filter>Map Objects\Bricks</Filter>
    </ClInclude>
    <ClInclude Include="MushRoom.h">
      <Filter>Map Objects\Items</Filter>
    </ClInclude>
    <ClInclude Include="Koopa.h">
      <Filter>Map Objects\Enemies</Filter>
    </ClInclude>
  </ItemGroup>
</Project>